// !$*UTF8*$!
{
	archiveVersion = 1;
	classes = {
	};
	objectVersion = 51;
	objects = {

/* Begin PBXBuildFile section */
		1BBC93564655316AB74D62F6 /* libPods-TTKitDemo.a in Frameworks */ = {isa = PBXBuildFile; fileRef = C2B9092D555EDB8C5F220CDF /* libPods-TTKitDemo.a */; };
		D932386822D0AA7B000A0905 /* AppDelegate.m in Sources */ = {isa = PBXBuildFile; fileRef = D932386722D0AA7B000A0905 /* AppDelegate.m */; };
		D932386B22D0AA7B000A0905 /* ViewController.m in Sources */ = {isa = PBXBuildFile; fileRef = D932386A22D0AA7B000A0905 /* ViewController.m */; };
		D932387022D0AA7C000A0905 /* Assets.xcassets in Resources */ = {isa = PBXBuildFile; fileRef = D932386F22D0AA7C000A0905 /* Assets.xcassets */; };
		D932387322D0AA7C000A0905 /* LaunchScreen.storyboard in Resources */ = {isa = PBXBuildFile; fileRef = D932387122D0AA7C000A0905 /* LaunchScreen.storyboard */; };
		D932387622D0AA7C000A0905 /* main.m in Sources */ = {isa = PBXBuildFile; fileRef = D932387522D0AA7C000A0905 /* main.m */; };
		D93238B922D0AB28000A0905 /* TTCategoryMenuBarViewController.m in Sources */ = {isa = PBXBuildFile; fileRef = D932388222D0AB1C000A0905 /* TTCategoryMenuBarViewController.m */; };
		D93238BA22D0AB28000A0905 /* TTFuncThrottleViewController.m in Sources */ = {isa = PBXBuildFile; fileRef = D932388422D0AB1D000A0905 /* TTFuncThrottleViewController.m */; };
		D93238BB22D0AB28000A0905 /* NetworkManager.m in Sources */ = {isa = PBXBuildFile; fileRef = D932388622D0AB1E000A0905 /* NetworkManager.m */; };
		D93238BC22D0AB28000A0905 /* TTCustomNavigationBarController.m in Sources */ = {isa = PBXBuildFile; fileRef = D932388922D0AB1F000A0905 /* TTCustomNavigationBarController.m */; };
		D93238BD22D0AB28000A0905 /* TTSafeViewController.m in Sources */ = {isa = PBXBuildFile; fileRef = D932388A22D0AB1F000A0905 /* TTSafeViewController.m */; };
		D93238BE22D0AB28000A0905 /* TTXIBAdapterViewController.xib in Resources */ = {isa = PBXBuildFile; fileRef = D932388C22D0AB20000A0905 /* TTXIBAdapterViewController.xib */; };
		D93238BF22D0AB28000A0905 /* TTToastViewController.m in Sources */ = {isa = PBXBuildFile; fileRef = D932388D22D0AB20000A0905 /* TTToastViewController.m */; };
		D93238C022D0AB28000A0905 /* TTXIBAdapterViewController.m in Sources */ = {isa = PBXBuildFile; fileRef = D932388E22D0AB20000A0905 /* TTXIBAdapterViewController.m */; };
		D93238C122D0AB28000A0905 /* PresentAnimationViewController.m in Sources */ = {isa = PBXBuildFile; fileRef = D932388F22D0AB20000A0905 /* PresentAnimationViewController.m */; };
		D93238C222D0AB28000A0905 /* TTChangeAppIconViewController.m in Sources */ = {isa = PBXBuildFile; fileRef = D932389022D0AB21000A0905 /* TTChangeAppIconViewController.m */; };
		D93238C322D0AB28000A0905 /* SettingViewController.m in Sources */ = {isa = PBXBuildFile; fileRef = D932389122D0AB21000A0905 /* SettingViewController.m */; };
		D93238C422D0AB28000A0905 /* TTSystemAuthorizationViewController.m in Sources */ = {isa = PBXBuildFile; fileRef = D932389422D0AB23000A0905 /* TTSystemAuthorizationViewController.m */; };
		D93238C522D0AB28000A0905 /* FirstViewController.m in Sources */ = {isa = PBXBuildFile; fileRef = D932389522D0AB23000A0905 /* FirstViewController.m */; };
		D93238C622D0AB28000A0905 /* SecondViewController.m in Sources */ = {isa = PBXBuildFile; fileRef = D932389822D0AB24000A0905 /* SecondViewController.m */; };
		D93238C722D0AB28000A0905 /* TTInputBar.m in Sources */ = {isa = PBXBuildFile; fileRef = D932389D22D0AB24000A0905 /* TTInputBar.m */; };
		D93238C822D0AB28000A0905 /* TTCalculate.js in Resources */ = {isa = PBXBuildFile; fileRef = D93238A022D0AB24000A0905 /* TTCalculate.js */; };
		D93238C922D0AB28000A0905 /* TTNetworkManager.m in Sources */ = {isa = PBXBuildFile; fileRef = D93238A222D0AB24000A0905 /* TTNetworkManager.m */; };
		D93238CA22D0AB28000A0905 /* TTNetworkTask.m in Sources */ = {isa = PBXBuildFile; fileRef = D93238A522D0AB24000A0905 /* TTNetworkTask.m */; };
		D93238CB22D0AB28000A0905 /* TTURLFactory.m in Sources */ = {isa = PBXBuildFile; fileRef = D93238A822D0AB24000A0905 /* TTURLFactory.m */; };
		D93238CC22D0AB28000A0905 /* TTShareManager.m in Sources */ = {isa = PBXBuildFile; fileRef = D93238AC22D0AB24000A0905 /* TTShareManager.m */; };
		D93238CD22D0AB28000A0905 /* TTShareData.m in Sources */ = {isa = PBXBuildFile; fileRef = D93238AD22D0AB24000A0905 /* TTShareData.m */; };
		D93238CE22D0AB28000A0905 /* TTShareView.m in Sources */ = {isa = PBXBuildFile; fileRef = D93238AF22D0AB24000A0905 /* TTShareView.m */; };
		D93238CF22D0AB28000A0905 /* TTLayoutAdapter.m in Sources */ = {isa = PBXBuildFile; fileRef = D93238B022D0AB24000A0905 /* TTLayoutAdapter.m */; };
		D93238D022D0AB28000A0905 /* TTCycleBannerViewController.m in Sources */ = {isa = PBXBuildFile; fileRef = D93238B122D0AB26000A0905 /* TTCycleBannerViewController.m */; };
		D93238D122D0AB28000A0905 /* TTCategoryMenuBarOptionViewController.m in Sources */ = {isa = PBXBuildFile; fileRef = D93238B522D0AB27000A0905 /* TTCategoryMenuBarOptionViewController.m */; };
		D93238D222D0AB28000A0905 /* TabBarController.m in Sources */ = {isa = PBXBuildFile; fileRef = D93238B822D0AB28000A0905 /* TabBarController.m */; };
		D93238D922D0B411000A0905 /* TTPulldownDismissHeader.m in Sources */ = {isa = PBXBuildFile; fileRef = D93238D822D0B411000A0905 /* TTPulldownDismissHeader.m */; };
/* End PBXBuildFile section */

/* Begin PBXFileReference section */
		10791AD887293EF1560C4785 /* Pods-TTKitDemo.release.xcconfig */ = {isa = PBXFileReference; includeInIndex = 1; lastKnownFileType = text.xcconfig; name = "Pods-TTKitDemo.release.xcconfig"; path = "Target Support Files/Pods-TTKitDemo/Pods-TTKitDemo.release.xcconfig"; sourceTree = "<group>"; };
		C2B9092D555EDB8C5F220CDF /* libPods-TTKitDemo.a */ = {isa = PBXFileReference; explicitFileType = archive.ar; includeInIndex = 0; path = "libPods-TTKitDemo.a"; sourceTree = BUILT_PRODUCTS_DIR; };
		D932386322D0AA7A000A0905 /* TTKitDemo.app */ = {isa = PBXFileReference; explicitFileType = wrapper.application; includeInIndex = 0; path = TTKitDemo.app; sourceTree = BUILT_PRODUCTS_DIR; };
		D932386622D0AA7B000A0905 /* AppDelegate.h */ = {isa = PBXFileReference; lastKnownFileType = sourcecode.c.h; path = AppDelegate.h; sourceTree = "<group>"; };
		D932386722D0AA7B000A0905 /* AppDelegate.m */ = {isa = PBXFileReference; lastKnownFileType = sourcecode.c.objc; path = AppDelegate.m; sourceTree = "<group>"; };
		D932386922D0AA7B000A0905 /* ViewController.h */ = {isa = PBXFileReference; lastKnownFileType = sourcecode.c.h; path = ViewController.h; sourceTree = "<group>"; };
		D932386A22D0AA7B000A0905 /* ViewController.m */ = {isa = PBXFileReference; lastKnownFileType = sourcecode.c.objc; path = ViewController.m; sourceTree = "<group>"; };
		D932386F22D0AA7C000A0905 /* Assets.xcassets */ = {isa = PBXFileReference; lastKnownFileType = folder.assetcatalog; path = Assets.xcassets; sourceTree = "<group>"; };
		D932387222D0AA7C000A0905 /* Base */ = {isa = PBXFileReference; lastKnownFileType = file.storyboard; name = Base; path = Base.lproj/LaunchScreen.storyboard; sourceTree = "<group>"; };
		D932387422D0AA7C000A0905 /* Info.plist */ = {isa = PBXFileReference; lastKnownFileType = text.plist.xml; path = Info.plist; sourceTree = "<group>"; };
		D932387522D0AA7C000A0905 /* main.m */ = {isa = PBXFileReference; lastKnownFileType = sourcecode.c.objc; path = main.m; sourceTree = "<group>"; };
		D932388022D0AB1C000A0905 /* FirstViewController.h */ = {isa = PBXFileReference; fileEncoding = 4; lastKnownFileType = sourcecode.c.h; path = FirstViewController.h; sourceTree = "<group>"; };
		D932388122D0AB1C000A0905 /* TTFuncThrottleViewController.h */ = {isa = PBXFileReference; fileEncoding = 4; lastKnownFileType = sourcecode.c.h; path = TTFuncThrottleViewController.h; sourceTree = "<group>"; };
		D932388222D0AB1C000A0905 /* TTCategoryMenuBarViewController.m */ = {isa = PBXFileReference; fileEncoding = 4; lastKnownFileType = sourcecode.c.objc; path = TTCategoryMenuBarViewController.m; sourceTree = "<group>"; };
		D932388322D0AB1C000A0905 /* SettingViewController.h */ = {isa = PBXFileReference; fileEncoding = 4; lastKnownFileType = sourcecode.c.h; path = SettingViewController.h; sourceTree = "<group>"; };
		D932388422D0AB1D000A0905 /* TTFuncThrottleViewController.m */ = {isa = PBXFileReference; fileEncoding = 4; lastKnownFileType = sourcecode.c.objc; path = TTFuncThrottleViewController.m; sourceTree = "<group>"; };
		D932388522D0AB1D000A0905 /* TTXIBAdapterViewController.h */ = {isa = PBXFileReference; fileEncoding = 4; lastKnownFileType = sourcecode.c.h; path = TTXIBAdapterViewController.h; sourceTree = "<group>"; };
		D932388622D0AB1E000A0905 /* NetworkManager.m */ = {isa = PBXFileReference; fileEncoding = 4; lastKnownFileType = sourcecode.c.objc; path = NetworkManager.m; sourceTree = "<group>"; };
		D932388722D0AB1E000A0905 /* TTCategoryMenuBarViewController.h */ = {isa = PBXFileReference; fileEncoding = 4; lastKnownFileType = sourcecode.c.h; path = TTCategoryMenuBarViewController.h; sourceTree = "<group>"; };
		D932388822D0AB1E000A0905 /* NetworkManager.h */ = {isa = PBXFileReference; fileEncoding = 4; lastKnownFileType = sourcecode.c.h; path = NetworkManager.h; sourceTree = "<group>"; };
		D932388922D0AB1F000A0905 /* TTCustomNavigationBarController.m */ = {isa = PBXFileReference; fileEncoding = 4; lastKnownFileType = sourcecode.c.objc; path = TTCustomNavigationBarController.m; sourceTree = "<group>"; };
		D932388A22D0AB1F000A0905 /* TTSafeViewController.m */ = {isa = PBXFileReference; fileEncoding = 4; lastKnownFileType = sourcecode.c.objc; path = TTSafeViewController.m; sourceTree = "<group>"; };
		D932388B22D0AB1F000A0905 /* TTToastViewController.h */ = {isa = PBXFileReference; fileEncoding = 4; lastKnownFileType = sourcecode.c.h; path = TTToastViewController.h; sourceTree = "<group>"; };
		D932388C22D0AB20000A0905 /* TTXIBAdapterViewController.xib */ = {isa = PBXFileReference; fileEncoding = 4; lastKnownFileType = file.xib; path = TTXIBAdapterViewController.xib; sourceTree = "<group>"; };
		D932388D22D0AB20000A0905 /* TTToastViewController.m */ = {isa = PBXFileReference; fileEncoding = 4; lastKnownFileType = sourcecode.c.objc; path = TTToastViewController.m; sourceTree = "<group>"; };
		D932388E22D0AB20000A0905 /* TTXIBAdapterViewController.m */ = {isa = PBXFileReference; fileEncoding = 4; lastKnownFileType = sourcecode.c.objc; path = TTXIBAdapterViewController.m; sourceTree = "<group>"; };
		D932388F22D0AB20000A0905 /* PresentAnimationViewController.m */ = {isa = PBXFileReference; fileEncoding = 4; lastKnownFileType = sourcecode.c.objc; path = PresentAnimationViewController.m; sourceTree = "<group>"; };
		D932389022D0AB21000A0905 /* TTChangeAppIconViewController.m */ = {isa = PBXFileReference; fileEncoding = 4; lastKnownFileType = sourcecode.c.objc; path = TTChangeAppIconViewController.m; sourceTree = "<group>"; };
		D932389122D0AB21000A0905 /* SettingViewController.m */ = {isa = PBXFileReference; fileEncoding = 4; lastKnownFileType = sourcecode.c.objc; path = SettingViewController.m; sourceTree = "<group>"; };
		D932389222D0AB22000A0905 /* TTCustomNavigationBarController.h */ = {isa = PBXFileReference; fileEncoding = 4; lastKnownFileType = sourcecode.c.h; path = TTCustomNavigationBarController.h; sourceTree = "<group>"; };
		D932389322D0AB22000A0905 /* TTSafeViewController.h */ = {isa = PBXFileReference; fileEncoding = 4; lastKnownFileType = sourcecode.c.h; path = TTSafeViewController.h; sourceTree = "<group>"; };
		D932389422D0AB23000A0905 /* TTSystemAuthorizationViewController.m */ = {isa = PBXFileReference; fileEncoding = 4; lastKnownFileType = sourcecode.c.objc; path = TTSystemAuthorizationViewController.m; sourceTree = "<group>"; };
		D932389522D0AB23000A0905 /* FirstViewController.m */ = {isa = PBXFileReference; fileEncoding = 4; lastKnownFileType = sourcecode.c.objc; path = FirstViewController.m; sourceTree = "<group>"; };
		D932389622D0AB23000A0905 /* SecondViewController.h */ = {isa = PBXFileReference; fileEncoding = 4; lastKnownFileType = sourcecode.c.h; path = SecondViewController.h; sourceTree = "<group>"; };
		D932389722D0AB23000A0905 /* TTCycleBannerViewController.h */ = {isa = PBXFileReference; fileEncoding = 4; lastKnownFileType = sourcecode.c.h; path = TTCycleBannerViewController.h; sourceTree = "<group>"; };
		D932389822D0AB24000A0905 /* SecondViewController.m */ = {isa = PBXFileReference; fileEncoding = 4; lastKnownFileType = sourcecode.c.objc; path = SecondViewController.m; sourceTree = "<group>"; };
		D932389922D0AB24000A0905 /* PresentAnimationViewController.h */ = {isa = PBXFileReference; fileEncoding = 4; lastKnownFileType = sourcecode.c.h; path = PresentAnimationViewController.h; sourceTree = "<group>"; };
		D932389B22D0AB24000A0905 /* TTLayoutAdapter.h */ = {isa = PBXFileReference; fileEncoding = 4; lastKnownFileType = sourcecode.c.h; path = TTLayoutAdapter.h; sourceTree = "<group>"; };
		D932389D22D0AB24000A0905 /* TTInputBar.m */ = {isa = PBXFileReference; fileEncoding = 4; lastKnownFileType = sourcecode.c.objc; path = TTInputBar.m; sourceTree = "<group>"; };
		D932389E22D0AB24000A0905 /* TTInputBar.h */ = {isa = PBXFileReference; fileEncoding = 4; lastKnownFileType = sourcecode.c.h; path = TTInputBar.h; sourceTree = "<group>"; };
		D93238A022D0AB24000A0905 /* TTCalculate.js */ = {isa = PBXFileReference; fileEncoding = 4; lastKnownFileType = sourcecode.javascript; path = TTCalculate.js; sourceTree = "<group>"; };
		D93238A222D0AB24000A0905 /* TTNetworkManager.m */ = {isa = PBXFileReference; fileEncoding = 4; lastKnownFileType = sourcecode.c.objc; path = TTNetworkManager.m; sourceTree = "<group>"; };
		D93238A322D0AB24000A0905 /* TTNetworkTask+Private.h */ = {isa = PBXFileReference; fileEncoding = 4; lastKnownFileType = sourcecode.c.h; path = "TTNetworkTask+Private.h"; sourceTree = "<group>"; };
		D93238A422D0AB24000A0905 /* TTURLFactory.h */ = {isa = PBXFileReference; fileEncoding = 4; lastKnownFileType = sourcecode.c.h; path = TTURLFactory.h; sourceTree = "<group>"; };
		D93238A522D0AB24000A0905 /* TTNetworkTask.m */ = {isa = PBXFileReference; fileEncoding = 4; lastKnownFileType = sourcecode.c.objc; path = TTNetworkTask.m; sourceTree = "<group>"; };
		D93238A622D0AB24000A0905 /* TTNetworkManager.h */ = {isa = PBXFileReference; fileEncoding = 4; lastKnownFileType = sourcecode.c.h; path = TTNetworkManager.h; sourceTree = "<group>"; };
		D93238A722D0AB24000A0905 /* TTNetworkTask.h */ = {isa = PBXFileReference; fileEncoding = 4; lastKnownFileType = sourcecode.c.h; path = TTNetworkTask.h; sourceTree = "<group>"; };
		D93238A822D0AB24000A0905 /* TTURLFactory.m */ = {isa = PBXFileReference; fileEncoding = 4; lastKnownFileType = sourcecode.c.objc; path = TTURLFactory.m; sourceTree = "<group>"; };
		D93238AA22D0AB24000A0905 /* TTShareData.h */ = {isa = PBXFileReference; fileEncoding = 4; lastKnownFileType = sourcecode.c.h; path = TTShareData.h; sourceTree = "<group>"; };
		D93238AB22D0AB24000A0905 /* TTShareView.h */ = {isa = PBXFileReference; fileEncoding = 4; lastKnownFileType = sourcecode.c.h; path = TTShareView.h; sourceTree = "<group>"; };
		D93238AC22D0AB24000A0905 /* TTShareManager.m */ = {isa = PBXFileReference; fileEncoding = 4; lastKnownFileType = sourcecode.c.objc; path = TTShareManager.m; sourceTree = "<group>"; };
		D93238AD22D0AB24000A0905 /* TTShareData.m */ = {isa = PBXFileReference; fileEncoding = 4; lastKnownFileType = sourcecode.c.objc; path = TTShareData.m; sourceTree = "<group>"; };
		D93238AE22D0AB24000A0905 /* TTShareManager.h */ = {isa = PBXFileReference; fileEncoding = 4; lastKnownFileType = sourcecode.c.h; path = TTShareManager.h; sourceTree = "<group>"; };
		D93238AF22D0AB24000A0905 /* TTShareView.m */ = {isa = PBXFileReference; fileEncoding = 4; lastKnownFileType = sourcecode.c.objc; path = TTShareView.m; sourceTree = "<group>"; };
		D93238B022D0AB24000A0905 /* TTLayoutAdapter.m */ = {isa = PBXFileReference; fileEncoding = 4; lastKnownFileType = sourcecode.c.objc; path = TTLayoutAdapter.m; sourceTree = "<group>"; };
		D93238B122D0AB26000A0905 /* TTCycleBannerViewController.m */ = {isa = PBXFileReference; fileEncoding = 4; lastKnownFileType = sourcecode.c.objc; path = TTCycleBannerViewController.m; sourceTree = "<group>"; };
		D93238B222D0AB26000A0905 /* TTKitDemo.pch */ = {isa = PBXFileReference; fileEncoding = 4; lastKnownFileType = sourcecode.c.h; path = TTKitDemo.pch; sourceTree = "<group>"; };
		D93238B322D0AB26000A0905 /* TabBarController.h */ = {isa = PBXFileReference; fileEncoding = 4; lastKnownFileType = sourcecode.c.h; path = TabBarController.h; sourceTree = "<group>"; };
		D93238B422D0AB27000A0905 /* TTChangeAppIconViewController.h */ = {isa = PBXFileReference; fileEncoding = 4; lastKnownFileType = sourcecode.c.h; path = TTChangeAppIconViewController.h; sourceTree = "<group>"; };
		D93238B522D0AB27000A0905 /* TTCategoryMenuBarOptionViewController.m */ = {isa = PBXFileReference; fileEncoding = 4; lastKnownFileType = sourcecode.c.objc; path = TTCategoryMenuBarOptionViewController.m; sourceTree = "<group>"; };
		D93238B622D0AB27000A0905 /* TTCategoryMenuBarOptionViewController.h */ = {isa = PBXFileReference; fileEncoding = 4; lastKnownFileType = sourcecode.c.h; path = TTCategoryMenuBarOptionViewController.h; sourceTree = "<group>"; };
		D93238B722D0AB27000A0905 /* TTSystemAuthorizationViewController.h */ = {isa = PBXFileReference; fileEncoding = 4; lastKnownFileType = sourcecode.c.h; path = TTSystemAuthorizationViewController.h; sourceTree = "<group>"; };
		D93238B822D0AB28000A0905 /* TabBarController.m */ = {isa = PBXFileReference; fileEncoding = 4; lastKnownFileType = sourcecode.c.objc; path = TabBarController.m; sourceTree = "<group>"; };
		D93238D722D0B411000A0905 /* TTPulldownDismissHeader.h */ = {isa = PBXFileReference; fileEncoding = 4; lastKnownFileType = sourcecode.c.h; path = TTPulldownDismissHeader.h; sourceTree = "<group>"; };
		D93238D822D0B411000A0905 /* TTPulldownDismissHeader.m */ = {isa = PBXFileReference; fileEncoding = 4; lastKnownFileType = sourcecode.c.objc; path = TTPulldownDismissHeader.m; sourceTree = "<group>"; };
		F21048E0759DF73BDE6E1BE4 /* Pods-TTKitDemo.debug.xcconfig */ = {isa = PBXFileReference; includeInIndex = 1; lastKnownFileType = text.xcconfig; name = "Pods-TTKitDemo.debug.xcconfig"; path = "Target Support Files/Pods-TTKitDemo/Pods-TTKitDemo.debug.xcconfig"; sourceTree = "<group>"; };
/* End PBXFileReference section */

/* Begin PBXFrameworksBuildPhase section */
		D932386022D0AA7A000A0905 /* Frameworks */ = {
			isa = PBXFrameworksBuildPhase;
			buildActionMask = 2147483647;
			files = (
				1BBC93564655316AB74D62F6 /* libPods-TTKitDemo.a in Frameworks */,
			);
			runOnlyForDeploymentPostprocessing = 0;
		};
/* End PBXFrameworksBuildPhase section */

/* Begin PBXGroup section */
		454F9EE691785A4CDF0A11DE /* Pods */ = {
			isa = PBXGroup;
			children = (
				F21048E0759DF73BDE6E1BE4 /* Pods-TTKitDemo.debug.xcconfig */,
				10791AD887293EF1560C4785 /* Pods-TTKitDemo.release.xcconfig */,
			);
			path = Pods;
			sourceTree = "<group>";
		};
		89187AF3AC996169D0C58704 /* Frameworks */ = {
			isa = PBXGroup;
			children = (
				C2B9092D555EDB8C5F220CDF /* libPods-TTKitDemo.a */,
			);
			name = Frameworks;
			sourceTree = "<group>";
		};
		D932385A22D0AA7A000A0905 = {
			isa = PBXGroup;
			children = (
				D932386522D0AA7A000A0905 /* TTKitDemo */,
				D932386422D0AA7A000A0905 /* Products */,
				454F9EE691785A4CDF0A11DE /* Pods */,
				89187AF3AC996169D0C58704 /* Frameworks */,
			);
			sourceTree = "<group>";
		};
		D932386422D0AA7A000A0905 /* Products */ = {
			isa = PBXGroup;
			children = (
				D932386322D0AA7A000A0905 /* TTKitDemo.app */,
			);
			name = Products;
			sourceTree = "<group>";
		};
		D932386522D0AA7A000A0905 /* TTKitDemo */ = {
			isa = PBXGroup;
			children = (
				D932389A22D0AB24000A0905 /* Doing */,
				D932388022D0AB1C000A0905 /* FirstViewController.h */,
				D932389522D0AB23000A0905 /* FirstViewController.m */,
				D932389922D0AB24000A0905 /* PresentAnimationViewController.h */,
				D932388F22D0AB20000A0905 /* PresentAnimationViewController.m */,
				D932389622D0AB23000A0905 /* SecondViewController.h */,
				D932389822D0AB24000A0905 /* SecondViewController.m */,
				D932388322D0AB1C000A0905 /* SettingViewController.h */,
				D932389122D0AB21000A0905 /* SettingViewController.m */,
				D93238B322D0AB26000A0905 /* TabBarController.h */,
				D93238B822D0AB28000A0905 /* TabBarController.m */,
				D93238B622D0AB27000A0905 /* TTCategoryMenuBarOptionViewController.h */,
				D93238B522D0AB27000A0905 /* TTCategoryMenuBarOptionViewController.m */,
				D932388722D0AB1E000A0905 /* TTCategoryMenuBarViewController.h */,
				D932388222D0AB1C000A0905 /* TTCategoryMenuBarViewController.m */,
				D93238B422D0AB27000A0905 /* TTChangeAppIconViewController.h */,
				D932389022D0AB21000A0905 /* TTChangeAppIconViewController.m */,
				D932389222D0AB22000A0905 /* TTCustomNavigationBarController.h */,
				D932388922D0AB1F000A0905 /* TTCustomNavigationBarController.m */,
				D932389722D0AB23000A0905 /* TTCycleBannerViewController.h */,
				D93238B122D0AB26000A0905 /* TTCycleBannerViewController.m */,
				D932388122D0AB1C000A0905 /* TTFuncThrottleViewController.h */,
				D932388422D0AB1D000A0905 /* TTFuncThrottleViewController.m */,
				D932389322D0AB22000A0905 /* TTSafeViewController.h */,
				D932388A22D0AB1F000A0905 /* TTSafeViewController.m */,
				D93238B722D0AB27000A0905 /* TTSystemAuthorizationViewController.h */,
				D932389422D0AB23000A0905 /* TTSystemAuthorizationViewController.m */,
				D932388B22D0AB1F000A0905 /* TTToastViewController.h */,
				D932388D22D0AB20000A0905 /* TTToastViewController.m */,
				D932388522D0AB1D000A0905 /* TTXIBAdapterViewController.h */,
				D932388E22D0AB20000A0905 /* TTXIBAdapterViewController.m */,
				D932388C22D0AB20000A0905 /* TTXIBAdapterViewController.xib */,
				D932386622D0AA7B000A0905 /* AppDelegate.h */,
				D932386722D0AA7B000A0905 /* AppDelegate.m */,
				D932386922D0AA7B000A0905 /* ViewController.h */,
				D932386A22D0AA7B000A0905 /* ViewController.m */,
				D932386F22D0AA7C000A0905 /* Assets.xcassets */,
				D932387122D0AA7C000A0905 /* LaunchScreen.storyboard */,
				D93238B222D0AB26000A0905 /* TTKitDemo.pch */,
				D932387422D0AA7C000A0905 /* Info.plist */,
				D932387522D0AA7C000A0905 /* main.m */,
			);
			path = TTKitDemo;
			sourceTree = "<group>";
		};
		D932389A22D0AB24000A0905 /* Doing */ = {
			isa = PBXGroup;
			children = (
				D93238D722D0B411000A0905 /* TTPulldownDismissHeader.h */,
				D93238D822D0B411000A0905 /* TTPulldownDismissHeader.m */,
				D932388822D0AB1E000A0905 /* NetworkManager.h */,
				D932388622D0AB1E000A0905 /* NetworkManager.m */,
				D932389B22D0AB24000A0905 /* TTLayoutAdapter.h */,
				D93238B022D0AB24000A0905 /* TTLayoutAdapter.m */,
				D932389C22D0AB24000A0905 /* InputBar */,
				D932389F22D0AB24000A0905 /* Resources */,
				D93238A122D0AB24000A0905 /* Network */,
				D93238A922D0AB24000A0905 /* ShareView */,
			);
			path = Doing;
			sourceTree = "<group>";
		};
		D932389C22D0AB24000A0905 /* InputBar */ = {
			isa = PBXGroup;
			children = (
				D932389D22D0AB24000A0905 /* TTInputBar.m */,
				D932389E22D0AB24000A0905 /* TTInputBar.h */,
			);
			path = InputBar;
			sourceTree = "<group>";
		};
		D932389F22D0AB24000A0905 /* Resources */ = {
			isa = PBXGroup;
			children = (
				D93238A022D0AB24000A0905 /* TTCalculate.js */,
			);
			path = Resources;
			sourceTree = "<group>";
		};
		D93238A122D0AB24000A0905 /* Network */ = {
			isa = PBXGroup;
			children = (
				D93238A222D0AB24000A0905 /* TTNetworkManager.m */,
				D93238A322D0AB24000A0905 /* TTNetworkTask+Private.h */,
				D93238A422D0AB24000A0905 /* TTURLFactory.h */,
				D93238A522D0AB24000A0905 /* TTNetworkTask.m */,
				D93238A622D0AB24000A0905 /* TTNetworkManager.h */,
				D93238A722D0AB24000A0905 /* TTNetworkTask.h */,
				D93238A822D0AB24000A0905 /* TTURLFactory.m */,
			);
			path = Network;
			sourceTree = "<group>";
		};
		D93238A922D0AB24000A0905 /* ShareView */ = {
			isa = PBXGroup;
			children = (
				D93238AA22D0AB24000A0905 /* TTShareData.h */,
				D93238AB22D0AB24000A0905 /* TTShareView.h */,
				D93238AC22D0AB24000A0905 /* TTShareManager.m */,
				D93238AD22D0AB24000A0905 /* TTShareData.m */,
				D93238AE22D0AB24000A0905 /* TTShareManager.h */,
				D93238AF22D0AB24000A0905 /* TTShareView.m */,
			);
			path = ShareView;
			sourceTree = "<group>";
		};
/* End PBXGroup section */

/* Begin PBXNativeTarget section */
		D932386222D0AA7A000A0905 /* TTKitDemo */ = {
			isa = PBXNativeTarget;
			buildConfigurationList = D932387922D0AA7C000A0905 /* Build configuration list for PBXNativeTarget "TTKitDemo" */;
			buildPhases = (
				F4E087359B6E775A677F7EC8 /* [CP] Check Pods Manifest.lock */,
				D932385F22D0AA7A000A0905 /* Sources */,
				D932386022D0AA7A000A0905 /* Frameworks */,
				D932386122D0AA7A000A0905 /* Resources */,
				3FA07B9502BB23D637A9D86E /* [CP] Copy Pods Resources */,
			);
			buildRules = (
			);
			dependencies = (
			);
			name = TTKitDemo;
			productName = TTKitDemo;
			productReference = D932386322D0AA7A000A0905 /* TTKitDemo.app */;
			productType = "com.apple.product-type.application";
		};
/* End PBXNativeTarget section */

/* Begin PBXProject section */
		D932385B22D0AA7A000A0905 /* Project object */ = {
			isa = PBXProject;
			attributes = {
				LastUpgradeCheck = 1010;
				ORGANIZATIONNAME = TTKit;
				TargetAttributes = {
					D932386222D0AA7A000A0905 = {
						CreatedOnToolsVersion = 10.1;
					};
				};
			};
			buildConfigurationList = D932385E22D0AA7A000A0905 /* Build configuration list for PBXProject "TTKitDemo" */;
			compatibilityVersion = "Xcode 9.3";
			developmentRegion = en;
			hasScannedForEncodings = 0;
			knownRegions = (
				en,
				Base,
			);
			mainGroup = D932385A22D0AA7A000A0905;
			productRefGroup = D932386422D0AA7A000A0905 /* Products */;
			projectDirPath = "";
			projectRoot = "";
			targets = (
				D932386222D0AA7A000A0905 /* TTKitDemo */,
			);
		};
/* End PBXProject section */

/* Begin PBXResourcesBuildPhase section */
		D932386122D0AA7A000A0905 /* Resources */ = {
			isa = PBXResourcesBuildPhase;
			buildActionMask = 2147483647;
			files = (
				D932387322D0AA7C000A0905 /* LaunchScreen.storyboard in Resources */,
				D932387022D0AA7C000A0905 /* Assets.xcassets in Resources */,
				D93238BE22D0AB28000A0905 /* TTXIBAdapterViewController.xib in Resources */,
				D93238C822D0AB28000A0905 /* TTCalculate.js in Resources */,
			);
			runOnlyForDeploymentPostprocessing = 0;
		};
/* End PBXResourcesBuildPhase section */

/* Begin PBXShellScriptBuildPhase section */
		3FA07B9502BB23D637A9D86E /* [CP] Copy Pods Resources */ = {
			isa = PBXShellScriptBuildPhase;
			buildActionMask = 2147483647;
			files = (
			);
			inputFileListPaths = (
				"${PODS_ROOT}/Target Support Files/Pods-TTKitDemo/Pods-TTKitDemo-resources-${CONFIGURATION}-input-files.xcfilelist",
			);
			name = "[CP] Copy Pods Resources";
			outputFileListPaths = (
				"${PODS_ROOT}/Target Support Files/Pods-TTKitDemo/Pods-TTKitDemo-resources-${CONFIGURATION}-output-files.xcfilelist",
			);
			runOnlyForDeploymentPostprocessing = 0;
			shellPath = /bin/sh;
			shellScript = "\"${PODS_ROOT}/Target Support Files/Pods-TTKitDemo/Pods-TTKitDemo-resources.sh\"\n";
			showEnvVarsInLog = 0;
		};
		F4E087359B6E775A677F7EC8 /* [CP] Check Pods Manifest.lock */ = {
			isa = PBXShellScriptBuildPhase;
			buildActionMask = 2147483647;
			files = (
			);
			inputFileListPaths = (
			);
			inputPaths = (
				"${PODS_PODFILE_DIR_PATH}/Podfile.lock",
				"${PODS_ROOT}/Manifest.lock",
			);
			name = "[CP] Check Pods Manifest.lock";
			outputFileListPaths = (
			);
			outputPaths = (
				"$(DERIVED_FILE_DIR)/Pods-TTKitDemo-checkManifestLockResult.txt",
			);
			runOnlyForDeploymentPostprocessing = 0;
			shellPath = /bin/sh;
			shellScript = "diff \"${PODS_PODFILE_DIR_PATH}/Podfile.lock\" \"${PODS_ROOT}/Manifest.lock\" > /dev/null\nif [ $? != 0 ] ; then\n    # print error to STDERR\n    echo \"error: The sandbox is not in sync with the Podfile.lock. Run 'pod install' or update your CocoaPods installation.\" >&2\n    exit 1\nfi\n# This output is used by Xcode 'outputs' to avoid re-running this script phase.\necho \"SUCCESS\" > \"${SCRIPT_OUTPUT_FILE_0}\"\n";
			showEnvVarsInLog = 0;
		};
/* End PBXShellScriptBuildPhase section */

/* Begin PBXSourcesBuildPhase section */
		D932385F22D0AA7A000A0905 /* Sources */ = {
			isa = PBXSourcesBuildPhase;
			buildActionMask = 2147483647;
			files = (
				D93238CA22D0AB28000A0905 /* TTNetworkTask.m in Sources */,
				D93238BC22D0AB28000A0905 /* TTCustomNavigationBarController.m in Sources */,
				D93238C122D0AB28000A0905 /* PresentAnimationViewController.m in Sources */,
				D93238D222D0AB28000A0905 /* TabBarController.m in Sources */,
				D93238C322D0AB28000A0905 /* SettingViewController.m in Sources */,
				D932386B22D0AA7B000A0905 /* ViewController.m in Sources */,
				D93238CD22D0AB28000A0905 /* TTShareData.m in Sources */,
				D93238BF22D0AB28000A0905 /* TTToastViewController.m in Sources */,
				D93238B922D0AB28000A0905 /* TTCategoryMenuBarViewController.m in Sources */,
				D93238C222D0AB28000A0905 /* TTChangeAppIconViewController.m in Sources */,
				D93238C522D0AB28000A0905 /* FirstViewController.m in Sources */,
				D93238D022D0AB28000A0905 /* TTCycleBannerViewController.m in Sources */,
				D93238C022D0AB28000A0905 /* TTXIBAdapterViewController.m in Sources */,
				D932387622D0AA7C000A0905 /* main.m in Sources */,
				D93238BA22D0AB28000A0905 /* TTFuncThrottleViewController.m in Sources */,
				D93238CB22D0AB28000A0905 /* TTURLFactory.m in Sources */,
				D93238BB22D0AB28000A0905 /* NetworkManager.m in Sources */,
				D93238C922D0AB28000A0905 /* TTNetworkManager.m in Sources */,
				D93238D922D0B411000A0905 /* TTPulldownDismissHeader.m in Sources */,
				D93238C622D0AB28000A0905 /* SecondViewController.m in Sources */,
				D93238D122D0AB28000A0905 /* TTCategoryMenuBarOptionViewController.m in Sources */,
				D93238C722D0AB28000A0905 /* TTInputBar.m in Sources */,
				D932386822D0AA7B000A0905 /* AppDelegate.m in Sources */,
				D93238CF22D0AB28000A0905 /* TTLayoutAdapter.m in Sources */,
				D93238BD22D0AB28000A0905 /* TTSafeViewController.m in Sources */,
				D93238CC22D0AB28000A0905 /* TTShareManager.m in Sources */,
				D93238C422D0AB28000A0905 /* TTSystemAuthorizationViewController.m in Sources */,
				D93238CE22D0AB28000A0905 /* TTShareView.m in Sources */,
			);
			runOnlyForDeploymentPostprocessing = 0;
		};
/* End PBXSourcesBuildPhase section */

/* Begin PBXVariantGroup section */
		D932387122D0AA7C000A0905 /* LaunchScreen.storyboard */ = {
			isa = PBXVariantGroup;
			children = (
				D932387222D0AA7C000A0905 /* Base */,
			);
			name = LaunchScreen.storyboard;
			sourceTree = "<group>";
		};
/* End PBXVariantGroup section */

/* Begin XCBuildConfiguration section */
		D932387722D0AA7C000A0905 /* Debug */ = {
			isa = XCBuildConfiguration;
			buildSettings = {
				ALWAYS_SEARCH_USER_PATHS = NO;
				CLANG_ANALYZER_NONNULL = YES;
				CLANG_ANALYZER_NUMBER_OBJECT_CONVERSION = YES_AGGRESSIVE;
				CLANG_CXX_LANGUAGE_STANDARD = "gnu++14";
				CLANG_CXX_LIBRARY = "libc++";
				CLANG_ENABLE_MODULES = YES;
				CLANG_ENABLE_OBJC_ARC = YES;
				CLANG_ENABLE_OBJC_WEAK = YES;
				CLANG_WARN_BLOCK_CAPTURE_AUTORELEASING = YES;
				CLANG_WARN_BOOL_CONVERSION = YES;
				CLANG_WARN_COMMA = YES;
				CLANG_WARN_CONSTANT_CONVERSION = YES;
				CLANG_WARN_DEPRECATED_OBJC_IMPLEMENTATIONS = YES;
				CLANG_WARN_DIRECT_OBJC_ISA_USAGE = YES_ERROR;
				CLANG_WARN_DOCUMENTATION_COMMENTS = YES;
				CLANG_WARN_EMPTY_BODY = YES;
				CLANG_WARN_ENUM_CONVERSION = YES;
				CLANG_WARN_INFINITE_RECURSION = YES;
				CLANG_WARN_INT_CONVERSION = YES;
				CLANG_WARN_NON_LITERAL_NULL_CONVERSION = YES;
				CLANG_WARN_OBJC_IMPLICIT_RETAIN_SELF = YES;
				CLANG_WARN_OBJC_LITERAL_CONVERSION = YES;
				CLANG_WARN_OBJC_ROOT_CLASS = YES_ERROR;
				CLANG_WARN_RANGE_LOOP_ANALYSIS = YES;
				CLANG_WARN_STRICT_PROTOTYPES = YES;
				CLANG_WARN_SUSPICIOUS_MOVE = YES;
				CLANG_WARN_UNGUARDED_AVAILABILITY = YES_AGGRESSIVE;
				CLANG_WARN_UNREACHABLE_CODE = YES;
				CLANG_WARN__DUPLICATE_METHOD_MATCH = YES;
				CODE_SIGN_IDENTITY = "iPhone Developer";
				COPY_PHASE_STRIP = NO;
				DEBUG_INFORMATION_FORMAT = dwarf;
				ENABLE_STRICT_OBJC_MSGSEND = YES;
				ENABLE_TESTABILITY = YES;
				GCC_C_LANGUAGE_STANDARD = gnu11;
				GCC_DYNAMIC_NO_PIC = NO;
				GCC_NO_COMMON_BLOCKS = YES;
				GCC_OPTIMIZATION_LEVEL = 0;
				GCC_PREPROCESSOR_DEFINITIONS = (
					"DEBUG=1",
					"$(inherited)",
				);
				GCC_WARN_64_TO_32_BIT_CONVERSION = YES;
				GCC_WARN_ABOUT_RETURN_TYPE = YES_ERROR;
				GCC_WARN_UNDECLARED_SELECTOR = YES;
				GCC_WARN_UNINITIALIZED_AUTOS = YES_AGGRESSIVE;
				GCC_WARN_UNUSED_FUNCTION = YES;
				GCC_WARN_UNUSED_VARIABLE = YES;
				IPHONEOS_DEPLOYMENT_TARGET = 12.1;
				MTL_ENABLE_DEBUG_INFO = INCLUDE_SOURCE;
				MTL_FAST_MATH = YES;
				ONLY_ACTIVE_ARCH = YES;
				SDKROOT = iphoneos;
			};
			name = Debug;
		};
		D932387822D0AA7C000A0905 /* Release */ = {
			isa = XCBuildConfiguration;
			buildSettings = {
				ALWAYS_SEARCH_USER_PATHS = NO;
				CLANG_ANALYZER_NONNULL = YES;
				CLANG_ANALYZER_NUMBER_OBJECT_CONVERSION = YES_AGGRESSIVE;
				CLANG_CXX_LANGUAGE_STANDARD = "gnu++14";
				CLANG_CXX_LIBRARY = "libc++";
				CLANG_ENABLE_MODULES = YES;
				CLANG_ENABLE_OBJC_ARC = YES;
				CLANG_ENABLE_OBJC_WEAK = YES;
				CLANG_WARN_BLOCK_CAPTURE_AUTORELEASING = YES;
				CLANG_WARN_BOOL_CONVERSION = YES;
				CLANG_WARN_COMMA = YES;
				CLANG_WARN_CONSTANT_CONVERSION = YES;
				CLANG_WARN_DEPRECATED_OBJC_IMPLEMENTATIONS = YES;
				CLANG_WARN_DIRECT_OBJC_ISA_USAGE = YES_ERROR;
				CLANG_WARN_DOCUMENTATION_COMMENTS = YES;
				CLANG_WARN_EMPTY_BODY = YES;
				CLANG_WARN_ENUM_CONVERSION = YES;
				CLANG_WARN_INFINITE_RECURSION = YES;
				CLANG_WARN_INT_CONVERSION = YES;
				CLANG_WARN_NON_LITERAL_NULL_CONVERSION = YES;
				CLANG_WARN_OBJC_IMPLICIT_RETAIN_SELF = YES;
				CLANG_WARN_OBJC_LITERAL_CONVERSION = YES;
				CLANG_WARN_OBJC_ROOT_CLASS = YES_ERROR;
				CLANG_WARN_RANGE_LOOP_ANALYSIS = YES;
				CLANG_WARN_STRICT_PROTOTYPES = YES;
				CLANG_WARN_SUSPICIOUS_MOVE = YES;
				CLANG_WARN_UNGUARDED_AVAILABILITY = YES_AGGRESSIVE;
				CLANG_WARN_UNREACHABLE_CODE = YES;
				CLANG_WARN__DUPLICATE_METHOD_MATCH = YES;
				CODE_SIGN_IDENTITY = "iPhone Developer";
				COPY_PHASE_STRIP = NO;
				DEBUG_INFORMATION_FORMAT = "dwarf-with-dsym";
				ENABLE_NS_ASSERTIONS = NO;
				ENABLE_STRICT_OBJC_MSGSEND = YES;
				GCC_C_LANGUAGE_STANDARD = gnu11;
				GCC_NO_COMMON_BLOCKS = YES;
				GCC_WARN_64_TO_32_BIT_CONVERSION = YES;
				GCC_WARN_ABOUT_RETURN_TYPE = YES_ERROR;
				GCC_WARN_UNDECLARED_SELECTOR = YES;
				GCC_WARN_UNINITIALIZED_AUTOS = YES_AGGRESSIVE;
				GCC_WARN_UNUSED_FUNCTION = YES;
				GCC_WARN_UNUSED_VARIABLE = YES;
				IPHONEOS_DEPLOYMENT_TARGET = 12.1;
				MTL_ENABLE_DEBUG_INFO = NO;
				MTL_FAST_MATH = YES;
				SDKROOT = iphoneos;
				VALIDATE_PRODUCT = YES;
			};
			name = Release;
		};
		D932387A22D0AA7C000A0905 /* Debug */ = {
			isa = XCBuildConfiguration;
			baseConfigurationReference = F21048E0759DF73BDE6E1BE4 /* Pods-TTKitDemo.debug.xcconfig */;
			buildSettings = {
				ASSETCATALOG_COMPILER_APPICON_NAME = AppIcon;
				CODE_SIGN_STYLE = Automatic;
				INFOPLIST_FILE = TTKitDemo/Info.plist;
				LD_RUNPATH_SEARCH_PATHS = (
					"$(inherited)",
					"@executable_path/Frameworks",
				);
				PRODUCT_BUNDLE_IDENTIFIER = com.rollingstone.TTKitDemo.TTKitDemo;
				PRODUCT_NAME = "$(TARGET_NAME)";
				TARGETED_DEVICE_FAMILY = "1,2";
			};
			name = Debug;
		};
		D932387B22D0AA7C000A0905 /* Release */ = {
			isa = XCBuildConfiguration;
			baseConfigurationReference = 10791AD887293EF1560C4785 /* Pods-TTKitDemo.release.xcconfig */;
			buildSettings = {
				ASSETCATALOG_COMPILER_APPICON_NAME = AppIcon;
				CODE_SIGN_STYLE = Automatic;
				INFOPLIST_FILE = TTKitDemo/Info.plist;
				LD_RUNPATH_SEARCH_PATHS = (
					"$(inherited)",
					"@executable_path/Frameworks",
				);
				PRODUCT_BUNDLE_IDENTIFIER = com.rollingstone.TTKitDemo.TTKitDemo;
				PRODUCT_NAME = "$(TARGET_NAME)";
				TARGETED_DEVICE_FAMILY = "1,2";
			};
			name = Release;
		};
/* End XCBuildConfiguration section */

/* Begin XCConfigurationList section */
		D932385E22D0AA7A000A0905 /* Build configuration list for PBXProject "TTKitDemo" */ = {
			isa = XCConfigurationList;
			buildConfigurations = (
				D932387722D0AA7C000A0905 /* Debug */,
				D932387822D0AA7C000A0905 /* Release */,
			);
			defaultConfigurationIsVisible = 0;
			defaultConfigurationName = Release;
		};
		D932387922D0AA7C000A0905 /* Build configuration list for PBXNativeTarget "TTKitDemo" */ = {
			isa = XCConfigurationList;
			buildConfigurations = (
				D932387A22D0AA7C000A0905 /* Debug */,
				D932387B22D0AA7C000A0905 /* Release */,
			);
			defaultConfigurationIsVisible = 0;
			defaultConfigurationName = Release;
		};
/* End XCConfigurationList section */
	};
	rootObject = D932385B22D0AA7A000A0905 /* Project object */;
}
